// !$*UTF8*$!
{
	archiveVersion = 1;
	classes = {
	};
	objectVersion = 46;
	objects = {

/* Begin PBXBuildFile section */
		B6D14E4019912CC900930924 /* Foundation.framework in Frameworks */ = {isa = PBXBuildFile; fileRef = B6D14E3F19912CC900930924 /* Foundation.framework */; };
		B6D14E4219912CC900930924 /* CoreGraphics.framework in Frameworks */ = {isa = PBXBuildFile; fileRef = B6D14E4119912CC900930924 /* CoreGraphics.framework */; };
		B6D14E4419912CC900930924 /* UIKit.framework in Frameworks */ = {isa = PBXBuildFile; fileRef = B6D14E4319912CC900930924 /* UIKit.framework */; };
		B6D14E4A19912CC900930924 /* InfoPlist.strings in Resources */ = {isa = PBXBuildFile; fileRef = B6D14E4819912CC900930924 /* InfoPlist.strings */; };
		B6D14E4C19912CC900930924 /* main.m in Sources */ = {isa = PBXBuildFile; fileRef = B6D14E4B19912CC900930924 /* main.m */; };
		B6D14E5019912CC900930924 /* SAAppDelegate.m in Sources */ = {isa = PBXBuildFile; fileRef = B6D14E4F19912CC900930924 /* SAAppDelegate.m */; };
		B6D14E5319912CC900930924 /* Main.storyboard in Resources */ = {isa = PBXBuildFile; fileRef = B6D14E5119912CC900930924 /* Main.storyboard */; };
		B6D14E5619912CC900930924 /* SAViewController.m in Sources */ = {isa = PBXBuildFile; fileRef = B6D14E5519912CC900930924 /* SAViewController.m */; };
		B6D14E5819912CC900930924 /* Images.xcassets in Resources */ = {isa = PBXBuildFile; fileRef = B6D14E5719912CC900930924 /* Images.xcassets */; };
		B6D14E5F19912CC900930924 /* XCTest.framework in Frameworks */ = {isa = PBXBuildFile; fileRef = B6D14E5E19912CC900930924 /* XCTest.framework */; };
		B6D14E6019912CC900930924 /* Foundation.framework in Frameworks */ = {isa = PBXBuildFile; fileRef = B6D14E3F19912CC900930924 /* Foundation.framework */; };
		B6D14E6119912CC900930924 /* UIKit.framework in Frameworks */ = {isa = PBXBuildFile; fileRef = B6D14E4319912CC900930924 /* UIKit.framework */; };
		B6D14E6919912CC900930924 /* InfoPlist.strings in Resources */ = {isa = PBXBuildFile; fileRef = B6D14E6719912CC900930924 /* InfoPlist.strings */; };
		B6D14E6B19912CC900930924 /* Priate_GameTests.m in Sources */ = {isa = PBXBuildFile; fileRef = B6D14E6A19912CC900930924 /* Priate_GameTests.m */; };
		B6D14E77199169F000930924 /* SATile.m in Sources */ = {isa = PBXBuildFile; fileRef = B6D14E76199169F000930924 /* SATile.m */; };
		B6D14E7B19917FEA00930924 /* SAFactory.m in Sources */ = {isa = PBXBuildFile; fileRef = B6D14E7A19917FEA00930924 /* SAFactory.m */; };
		B6D14E7E199277AB00930924 /* SAWeapon.m in Sources */ = {isa = PBXBuildFile; fileRef = B6D14E7D199277AB00930924 /* SAWeapon.m */; };
		B6D14E811992780400930924 /* SAArmor.m in Sources */ = {isa = PBXBuildFile; fileRef = B6D14E801992780400930924 /* SAArmor.m */; };
		B6D14E8419927AF400930924 /* SACharacter.m in Sources */ = {isa = PBXBuildFile; fileRef = B6D14E8319927AF400930924 /* SACharacter.m */; };
		B6D14E8719928DAB00930924 /* SABoss.m in Sources */ = {isa = PBXBuildFile; fileRef = B6D14E8619928DAB00930924 /* SABoss.m */; };
/* End PBXBuildFile section */

/* Begin PBXContainerItemProxy section */
		B6D14E6219912CC900930924 /* PBXContainerItemProxy */ = {
			isa = PBXContainerItemProxy;
			containerPortal = B6D14E3419912CC800930924 /* Project object */;
			proxyType = 1;
			remoteGlobalIDString = B6D14E3B19912CC900930924;
			remoteInfo = "Priate Game";
		};
/* End PBXContainerItemProxy section */

/* Begin PBXFileReference section */
		B6D14E3C19912CC900930924 /* Priate Game.app */ = {isa = PBXFileReference; explicitFileType = wrapper.application; includeInIndex = 0; path = "Priate Game.app"; sourceTree = BUILT_PRODUCTS_DIR; };
		B6D14E3F19912CC900930924 /* Foundation.framework */ = {isa = PBXFileReference; lastKnownFileType = wrapper.framework; name = Foundation.framework; path = System/Library/Frameworks/Foundation.framework; sourceTree = SDKROOT; };
		B6D14E4119912CC900930924 /* CoreGraphics.framework */ = {isa = PBXFileReference; lastKnownFileType = wrapper.framework; name = CoreGraphics.framework; path = System/Library/Frameworks/CoreGraphics.framework; sourceTree = SDKROOT; };
		B6D14E4319912CC900930924 /* UIKit.framework */ = {isa = PBXFileReference; lastKnownFileType = wrapper.framework; name = UIKit.framework; path = System/Library/Frameworks/UIKit.framework; sourceTree = SDKROOT; };
		B6D14E4719912CC900930924 /* Priate Game-Info.plist */ = {isa = PBXFileReference; lastKnownFileType = text.plist.xml; path = "Priate Game-Info.plist"; sourceTree = "<group>"; };
		B6D14E4919912CC900930924 /* en */ = {isa = PBXFileReference; lastKnownFileType = text.plist.strings; name = en; path = en.lproj/InfoPlist.strings; sourceTree = "<group>"; };
		B6D14E4B19912CC900930924 /* main.m */ = {isa = PBXFileReference; lastKnownFileType = sourcecode.c.objc; path = main.m; sourceTree = "<group>"; };
		B6D14E4D19912CC900930924 /* Priate Game-Prefix.pch */ = {isa = PBXFileReference; lastKnownFileType = sourcecode.c.h; path = "Priate Game-Prefix.pch"; sourceTree = "<group>"; };
		B6D14E4E19912CC900930924 /* SAAppDelegate.h */ = {isa = PBXFileReference; lastKnownFileType = sourcecode.c.h; path = SAAppDelegate.h; sourceTree = "<group>"; };
		B6D14E4F19912CC900930924 /* SAAppDelegate.m */ = {isa = PBXFileReference; lastKnownFileType = sourcecode.c.objc; path = SAAppDelegate.m; sourceTree = "<group>"; };
		B6D14E5219912CC900930924 /* Base */ = {isa = PBXFileReference; lastKnownFileType = file.storyboard; name = Base; path = Base.lproj/Main.storyboard; sourceTree = "<group>"; };
		B6D14E5419912CC900930924 /* SAViewController.h */ = {isa = PBXFileReference; lastKnownFileType = sourcecode.c.h; path = SAViewController.h; sourceTree = "<group>"; };
		B6D14E5519912CC900930924 /* SAViewController.m */ = {isa = PBXFileReference; lastKnownFileType = sourcecode.c.objc; path = SAViewController.m; sourceTree = "<group>"; };
		B6D14E5719912CC900930924 /* Images.xcassets */ = {isa = PBXFileReference; lastKnownFileType = folder.assetcatalog; path = Images.xcassets; sourceTree = "<group>"; };
		B6D14E5D19912CC900930924 /* Priate GameTests.xctest */ = {isa = PBXFileReference; explicitFileType = wrapper.cfbundle; includeInIndex = 0; path = "Priate GameTests.xctest"; sourceTree = BUILT_PRODUCTS_DIR; };
		B6D14E5E19912CC900930924 /* XCTest.framework */ = {isa = PBXFileReference; lastKnownFileType = wrapper.framework; name = XCTest.framework; path = Library/Frameworks/XCTest.framework; sourceTree = DEVELOPER_DIR; };
		B6D14E6619912CC900930924 /* Priate GameTests-Info.plist */ = {isa = PBXFileReference; lastKnownFileType = text.plist.xml; path = "Priate GameTests-Info.plist"; sourceTree = "<group>"; };
		B6D14E6819912CC900930924 /* en */ = {isa = PBXFileReference; lastKnownFileType = text.plist.strings; name = en; path = en.lproj/InfoPlist.strings; sourceTree = "<group>"; };
		B6D14E6A19912CC900930924 /* Priate_GameTests.m */ = {isa = PBXFileReference; lastKnownFileType = sourcecode.c.objc; path = Priate_GameTests.m; sourceTree = "<group>"; };
		B6D14E75199169F000930924 /* SATile.h */ = {isa = PBXFileReference; fileEncoding = 4; lastKnownFileType = sourcecode.c.h; path = SATile.h; sourceTree = "<group>"; };
		B6D14E76199169F000930924 /* SATile.m */ = {isa = PBXFileReference; fileEncoding = 4; lastKnownFileType = sourcecode.c.objc; path = SATile.m; sourceTree = "<group>"; };
		B6D14E7919917FEA00930924 /* SAFactory.h */ = {isa = PBXFileReference; fileEncoding = 4; lastKnownFileType = sourcecode.c.h; path = SAFactory.h; sourceTree = "<group>"; };
		B6D14E7A19917FEA00930924 /* SAFactory.m */ = {isa = PBXFileReference; fileEncoding = 4; lastKnownFileType = sourcecode.c.objc; path = SAFactory.m; sourceTree = "<group>"; };
		B6D14E7C199277AB00930924 /* SAWeapon.h */ = {isa = PBXFileReference; fileEncoding = 4; lastKnownFileType = sourcecode.c.h; path = SAWeapon.h; sourceTree = "<group>"; };
		B6D14E7D199277AB00930924 /* SAWeapon.m */ = {isa = PBXFileReference; fileEncoding = 4; lastKnownFileType = sourcecode.c.objc; path = SAWeapon.m; sourceTree = "<group>"; };
		B6D14E7F1992780400930924 /* SAArmor.h */ = {isa = PBXFileReference; fileEncoding = 4; lastKnownFileType = sourcecode.c.h; path = SAArmor.h; sourceTree = "<group>"; };
		B6D14E801992780400930924 /* SAArmor.m */ = {isa = PBXFileReference; fileEncoding = 4; lastKnownFileType = sourcecode.c.objc; path = SAArmor.m; sourceTree = "<group>"; };
		B6D14E8219927AF400930924 /* SACharacter.h */ = {isa = PBXFileReference; fileEncoding = 4; lastKnownFileType = sourcecode.c.h; path = SACharacter.h; sourceTree = "<group>"; };
		B6D14E8319927AF400930924 /* SACharacter.m */ = {isa = PBXFileReference; fileEncoding = 4; lastKnownFileType = sourcecode.c.objc; path = SACharacter.m; sourceTree = "<group>"; };
		B6D14E8519928DAB00930924 /* SABoss.h */ = {isa = PBXFileReference; fileEncoding = 4; lastKnownFileType = sourcecode.c.h; path = SABoss.h; sourceTree = "<group>"; };
		B6D14E8619928DAB00930924 /* SABoss.m */ = {isa = PBXFileReference; fileEncoding = 4; lastKnownFileType = sourcecode.c.objc; path = SABoss.m; sourceTree = "<group>"; };
/* End PBXFileReference section */

/* Begin PBXFrameworksBuildPhase section */
		B6D14E3919912CC900930924 /* Frameworks */ = {
			isa = PBXFrameworksBuildPhase;
			buildActionMask = 2147483647;
			files = (
				B6D14E4219912CC900930924 /* CoreGraphics.framework in Frameworks */,
				B6D14E4419912CC900930924 /* UIKit.framework in Frameworks */,
				B6D14E4019912CC900930924 /* Foundation.framework in Frameworks */,
			);
			runOnlyForDeploymentPostprocessing = 0;
		};
		B6D14E5A19912CC900930924 /* Frameworks */ = {
			isa = PBXFrameworksBuildPhase;
			buildActionMask = 2147483647;
			files = (
				B6D14E5F19912CC900930924 /* XCTest.framework in Frameworks */,
				B6D14E6119912CC900930924 /* UIKit.framework in Frameworks */,
				B6D14E6019912CC900930924 /* Foundation.framework in Frameworks */,
			);
			runOnlyForDeploymentPostprocessing = 0;
		};
/* End PBXFrameworksBuildPhase section */

/* Begin PBXGroup section */
		B6D14E3319912CC800930924 = {
			isa = PBXGroup;
			children = (
				B6D14E4519912CC900930924 /* Priate Game */,
				B6D14E6419912CC900930924 /* Priate GameTests */,
				B6D14E3E19912CC900930924 /* Frameworks */,
				B6D14E3D19912CC900930924 /* Products */,
			);
			sourceTree = "<group>";
		};
		B6D14E3D19912CC900930924 /* Products */ = {
			isa = PBXGroup;
			children = (
				B6D14E3C19912CC900930924 /* Priate Game.app */,
				B6D14E5D19912CC900930924 /* Priate GameTests.xctest */,
			);
			name = Products;
			sourceTree = "<group>";
		};
		B6D14E3E19912CC900930924 /* Frameworks */ = {
			isa = PBXGroup;
			children = (
				B6D14E3F19912CC900930924 /* Foundation.framework */,
				B6D14E4119912CC900930924 /* CoreGraphics.framework */,
				B6D14E4319912CC900930924 /* UIKit.framework */,
				B6D14E5E19912CC900930924 /* XCTest.framework */,
			);
			name = Frameworks;
			sourceTree = "<group>";
		};
		B6D14E4519912CC900930924 /* Priate Game */ = {
			isa = PBXGroup;
			children = (
				B6D14E4E19912CC900930924 /* SAAppDelegate.h */,
				B6D14E4F19912CC900930924 /* SAAppDelegate.m */,
				B6D14E5119912CC900930924 /* Main.storyboard */,
				B6D14E5419912CC900930924 /* SAViewController.h */,
				B6D14E5519912CC900930924 /* SAViewController.m */,
				B6D14E74199169A300930924 /* Model */,
				B6D14E5719912CC900930924 /* Images.xcassets */,
				B6D14E4619912CC900930924 /* Supporting Files */,
			);
			path = "Priate Game";
			sourceTree = "<group>";
		};
		B6D14E4619912CC900930924 /* Supporting Files */ = {
			isa = PBXGroup;
			children = (
				B6D14E4719912CC900930924 /* Priate Game-Info.plist */,
				B6D14E4819912CC900930924 /* InfoPlist.strings */,
				B6D14E4B19912CC900930924 /* main.m */,
				B6D14E4D19912CC900930924 /* Priate Game-Prefix.pch */,
			);
			name = "Supporting Files";
			sourceTree = "<group>";
		};
		B6D14E6419912CC900930924 /* Priate GameTests */ = {
			isa = PBXGroup;
			children = (
				B6D14E6A19912CC900930924 /* Priate_GameTests.m */,
				B6D14E6519912CC900930924 /* Supporting Files */,
			);
			path = "Priate GameTests";
			sourceTree = "<group>";
		};
		B6D14E6519912CC900930924 /* Supporting Files */ = {
			isa = PBXGroup;
			children = (
				B6D14E6619912CC900930924 /* Priate GameTests-Info.plist */,
				B6D14E6719912CC900930924 /* InfoPlist.strings */,
			);
			name = "Supporting Files";
			sourceTree = "<group>";
		};
		B6D14E74199169A300930924 /* Model */ = {
			isa = PBXGroup;
			children = (
				B6D14E7819917FBC00930924 /* Factory */,
				B6D14E75199169F000930924 /* SATile.h */,
				B6D14E76199169F000930924 /* SATile.m */,
				B6D14E7C199277AB00930924 /* SAWeapon.h */,
				B6D14E7D199277AB00930924 /* SAWeapon.m */,
				B6D14E7F1992780400930924 /* SAArmor.h */,
				B6D14E801992780400930924 /* SAArmor.m */,
				B6D14E8219927AF400930924 /* SACharacter.h */,
				B6D14E8319927AF400930924 /* SACharacter.m */,
				B6D14E8519928DAB00930924 /* SABoss.h */,
				B6D14E8619928DAB00930924 /* SABoss.m */,
			);
			name = Model;
			sourceTree = "<group>";
		};
		B6D14E7819917FBC00930924 /* Factory */ = {
			isa = PBXGroup;
			children = (
				B6D14E7919917FEA00930924 /* SAFactory.h */,
				B6D14E7A19917FEA00930924 /* SAFactory.m */,
			);
			name = Factory;
			sourceTree = "<group>";
		};
/* End PBXGroup section */

/* Begin PBXNativeTarget section */
		B6D14E3B19912CC900930924 /* Priate Game */ = {
			isa = PBXNativeTarget;
			buildConfigurationList = B6D14E6E19912CC900930924 /* Build configuration list for PBXNativeTarget "Priate Game" */;
			buildPhases = (
				B6D14E3819912CC900930924 /* Sources */,
				B6D14E3919912CC900930924 /* Frameworks */,
				B6D14E3A19912CC900930924 /* Resources */,
			);
			buildRules = (
			);
			dependencies = (
			);
			name = "Priate Game";
			productName = "Priate Game";
			productReference = B6D14E3C19912CC900930924 /* Priate Game.app */;
			productType = "com.apple.product-type.application";
		};
		B6D14E5C19912CC900930924 /* Priate GameTests */ = {
			isa = PBXNativeTarget;
			buildConfigurationList = B6D14E7119912CC900930924 /* Build configuration list for PBXNativeTarget "Priate GameTests" */;
			buildPhases = (
				B6D14E5919912CC900930924 /* Sources */,
				B6D14E5A19912CC900930924 /* Frameworks */,
				B6D14E5B19912CC900930924 /* Resources */,
			);
			buildRules = (
			);
			dependencies = (
				B6D14E6319912CC900930924 /* PBXTargetDependency */,
			);
			name = "Priate GameTests";
			productName = "Priate GameTests";
			productReference = B6D14E5D19912CC900930924 /* Priate GameTests.xctest */;
			productType = "com.apple.product-type.bundle.unit-test";
		};
/* End PBXNativeTarget section */

/* Begin PBXProject section */
		B6D14E3419912CC800930924 /* Project object */ = {
			isa = PBXProject;
			attributes = {
				CLASSPREFIX = SA;
				LastUpgradeCheck = 0510;
				ORGANIZATIONNAME = "___FULLUSERNAME___";
				TargetAttributes = {
					B6D14E5C19912CC900930924 = {
						TestTargetID = B6D14E3B19912CC900930924;
					};
				};
			};
			buildConfigurationList = B6D14E3719912CC800930924 /* Build configuration list for PBXProject "Priate Game" */;
			compatibilityVersion = "Xcode 3.2";
			developmentRegion = English;
			hasScannedForEncodings = 0;
			knownRegions = (
				en,
				Base,
			);
			mainGroup = B6D14E3319912CC800930924;
			productRefGroup = B6D14E3D19912CC900930924 /* Products */;
			projectDirPath = "";
			projectRoot = "";
			targets = (
				B6D14E3B19912CC900930924 /* Priate Game */,
				B6D14E5C19912CC900930924 /* Priate GameTests */,
			);
		};
/* End PBXProject section */

/* Begin PBXResourcesBuildPhase section */
		B6D14E3A19912CC900930924 /* Resources */ = {
			isa = PBXResourcesBuildPhase;
			buildActionMask = 2147483647;
			files = (
				B6D14E5819912CC900930924 /* Images.xcassets in Resources */,
				B6D14E4A19912CC900930924 /* InfoPlist.strings in Resources */,
				B6D14E5319912CC900930924 /* Main.storyboard in Resources */,
			);
			runOnlyForDeploymentPostprocessing = 0;
		};
		B6D14E5B19912CC900930924 /* Resources */ = {
			isa = PBXResourcesBuildPhase;
			buildActionMask = 2147483647;
			files = (
				B6D14E6919912CC900930924 /* InfoPlist.strings in Resources */,
			);
			runOnlyForDeploymentPostprocessing = 0;
		};
/* End PBXResourcesBuildPhase section */

/* Begin PBXSourcesBuildPhase section */
		B6D14E3819912CC900930924 /* Sources */ = {
			isa = PBXSourcesBuildPhase;
			buildActionMask = 2147483647;
			files = (
				B6D14E5019912CC900930924 /* SAAppDelegate.m in Sources */,
				B6D14E8419927AF400930924 /* SACharacter.m in Sources */,
				B6D14E77199169F000930924 /* SATile.m in Sources */,
				B6D14E5619912CC900930924 /* SAViewController.m in Sources */,
				B6D14E7B19917FEA00930924 /* SAFactory.m in Sources */,
				B6D14E4C19912CC900930924 /* main.m in Sources */,
				B6D14E7E199277AB00930924 /* SAWeapon.m in Sources */,
				B6D14E811992780400930924 /* SAArmor.m in Sources */,
				B6D14E8719928DAB00930924 /* SABoss.m in Sources */,
			);
			runOnlyForDeploymentPostprocessing = 0;
		};
		B6D14E5919912CC900930924 /* Sources */ = {
			isa = PBXSourcesBuildPhase;
			buildActionMask = 2147483647;
			files = (
				B6D14E6B19912CC900930924 /* Priate_GameTests.m in Sources */,
			);
			runOnlyForDeploymentPostprocessing = 0;
		};
/* End PBXSourcesBuildPhase section */

/* Begin PBXTargetDependency section */
		B6D14E6319912CC900930924 /* PBXTargetDependency */ = {
			isa = PBXTargetDependency;
			target = B6D14E3B19912CC900930924 /* Priate Game */;
			targetProxy = B6D14E6219912CC900930924 /* PBXContainerItemProxy */;
		};
/* End PBXTargetDependency section */

/* Begin PBXVariantGroup section */
		B6D14E4819912CC900930924 /* InfoPlist.strings */ = {
			isa = PBXVariantGroup;
			children = (
				B6D14E4919912CC900930924 /* en */,
			);
			name = InfoPlist.strings;
			sourceTree = "<group>";
		};
		B6D14E5119912CC900930924 /* Main.storyboard */ = {
			isa = PBXVariantGroup;
			children = (
				B6D14E5219912CC900930924 /* Base */,
			);
			name = Main.storyboard;
			sourceTree = "<group>";
		};
		B6D14E6719912CC900930924 /* InfoPlist.strings */ = {
			isa = PBXVariantGroup;
			children = (
				B6D14E6819912CC900930924 /* en */,
			);
			name = InfoPlist.strings;
			sourceTree = "<group>";
		};
/* End PBXVariantGroup section */

/* Begin XCBuildConfiguration section */
		B6D14E6C19912CC900930924 /* Debug */ = {
			isa = XCBuildConfiguration;
			buildSettings = {
				ALWAYS_SEARCH_USER_PATHS = NO;
				CLANG_CXX_LANGUAGE_STANDARD = "gnu++0x";
				CLANG_CXX_LIBRARY = "libc++";
				CLANG_ENABLE_MODULES = YES;
				CLANG_ENABLE_OBJC_ARC = YES;
				CLANG_WARN_BOOL_CONVERSION = YES;
				CLANG_WARN_CONSTANT_CONVERSION = YES;
				CLANG_WARN_DIRECT_OBJC_ISA_USAGE = YES_ERROR;
				CLANG_WARN_EMPTY_BODY = YES;
				CLANG_WARN_ENUM_CONVERSION = YES;
				CLANG_WARN_INT_CONVERSION = YES;
				CLANG_WARN_OBJC_ROOT_CLASS = YES_ERROR;
				CLANG_WARN__DUPLICATE_METHOD_MATCH = YES;
				"CODE_SIGN_IDENTITY[sdk=iphoneos*]" = "iPhone Developer";
				COPY_PHASE_STRIP = NO;
				GCC_C_LANGUAGE_STANDARD = gnu99;
				GCC_DYNAMIC_NO_PIC = NO;
				GCC_OPTIMIZATION_LEVEL = 0;
				GCC_PREPROCESSOR_DEFINITIONS = (
					"DEBUG=1",
					"$(inherited)",
				);
				GCC_SYMBOLS_PRIVATE_EXTERN = NO;
				GCC_WARN_64_TO_32_BIT_CONVERSION = YES;
				GCC_WARN_ABOUT_RETURN_TYPE = YES_ERROR;
				GCC_WARN_UNDECLARED_SELECTOR = YES;
				GCC_WARN_UNINITIALIZED_AUTOS = YES_AGGRESSIVE;
				GCC_WARN_UNUSED_FUNCTION = YES;
				GCC_WARN_UNUSED_VARIABLE = YES;
				IPHONEOS_DEPLOYMENT_TARGET = 7.1;
				ONLY_ACTIVE_ARCH = YES;
				SDKROOT = iphoneos;
			};
			name = Debug;
		};
		B6D14E6D19912CC900930924 /* Release */ = {
			isa = XCBuildConfiguration;
			buildSettings = {
				ALWAYS_SEARCH_USER_PATHS = NO;
				CLANG_CXX_LANGUAGE_STANDARD = "gnu++0x";
				CLANG_CXX_LIBRARY = "libc++";
				CLANG_ENABLE_MODULES = YES;
				CLANG_ENABLE_OBJC_ARC = YES;
				CLANG_WARN_BOOL_CONVERSION = YES;
				CLANG_WARN_CONSTANT_CONVERSION = YES;
				CLANG_WARN_DIRECT_OBJC_ISA_USAGE = YES_ERROR;
				CLANG_WARN_EMPTY_BODY = YES;
				CLANG_WARN_ENUM_CONVERSION = YES;
				CLANG_WARN_INT_CONVERSION = YES;
				CLANG_WARN_OBJC_ROOT_CLASS = YES_ERROR;
				CLANG_WARN__DUPLICATE_METHOD_MATCH = YES;
				"CODE_SIGN_IDENTITY[sdk=iphoneos*]" = "iPhone Developer";
				COPY_PHASE_STRIP = YES;
				ENABLE_NS_ASSERTIONS = NO;
				GCC_C_LANGUAGE_STANDARD = gnu99;
				GCC_WARN_64_TO_32_BIT_CONVERSION = YES;
				GCC_WARN_ABOUT_RETURN_TYPE = YES_ERROR;
				GCC_WARN_UNDECLARED_SELECTOR = YES;
				GCC_WARN_UNINITIALIZED_AUTOS = YES_AGGRESSIVE;
				GCC_WARN_UNUSED_FUNCTION = YES;
				GCC_WARN_UNUSED_VARIABLE = YES;
				IPHONEOS_DEPLOYMENT_TARGET = 7.1;
				SDKROOT = iphoneos;
				VALIDATE_PRODUCT = YES;
			};
			name = Release;
		};
		B6D14E6F19912CC900930924 /* Debug */ = {
			isa = XCBuildConfiguration;
			buildSettings = {
				ASSETCATALOG_COMPILER_APPICON_NAME = AppIcon;
				ASSETCATALOG_COMPILER_LAUNCHIMAGE_NAME = LaunchImage;
				GCC_PRECOMPILE_PREFIX_HEADER = YES;
				GCC_PREFIX_HEADER = "Priate Game/Priate Game-Prefix.pch";
				INFOPLIST_FILE = "Priate Game/Priate Game-Info.plist";
				PRODUCT_NAME = "$(TARGET_NAME)";
				WRAPPER_EXTENSION = app;
			};
			name = Debug;
		};
		B6D14E7019912CC900930924 /* Release */ = {
			isa = XCBuildConfiguration;
			buildSettings = {
				ASSETCATALOG_COMPILER_APPICON_NAME = AppIcon;
				ASSETCATALOG_COMPILER_LAUNCHIMAGE_NAME = LaunchImage;
				GCC_PRECOMPILE_PREFIX_HEADER = YES;
				GCC_PREFIX_HEADER = "Priate Game/Priate Game-Prefix.pch";
				INFOPLIST_FILE = "Priate Game/Priate Game-Info.plist";
				PRODUCT_NAME = "$(TARGET_NAME)";
				WRAPPER_EXTENSION = app;
			};
			name = Release;
		};
		B6D14E7219912CC900930924 /* Debug */ = {
			isa = XCBuildConfiguration;
			buildSettings = {
				BUNDLE_LOADER = "$(BUILT_PRODUCTS_DIR)/Priate Game.app/Priate Game";
				FRAMEWORK_SEARCH_PATHS = (
					"$(SDKROOT)/Developer/Library/Frameworks",
					"$(inherited)",
					"$(DEVELOPER_FRAMEWORKS_DIR)",
				);
				GCC_PRECOMPILE_PREFIX_HEADER = YES;
				GCC_PREFIX_HEADER = "Priate Game/Priate Game-Prefix.pch";
				GCC_PREPROCESSOR_DEFINITIONS = (
					"DEBUG=1",
					"$(inherited)",
				);
				INFOPLIST_FILE = "Priate GameTests/Priate GameTests-Info.plist";
				PRODUCT_NAME = "$(TARGET_NAME)";
				TEST_HOST = "$(BUNDLE_LOADER)";
				WRAPPER_EXTENSION = xctest;
			};
			name = Debug;
		};
		B6D14E7319912CC900930924 /* Release */ = {
			isa = XCBuildConfiguration;
			buildSettings = {
				BUNDLE_LOADER = "$(BUILT_PRODUCTS_DIR)/Priate Game.app/Priate Game";
				FRAMEWORK_SEARCH_PATHS = (
					"$(SDKROOT)/Developer/Library/Frameworks",
					"$(inherited)",
					"$(DEVELOPER_FRAMEWORKS_DIR)",
				);
				GCC_PRECOMPILE_PREFIX_HEADER = YES;
				GCC_PREFIX_HEADER = "Priate Game/Priate Game-Prefix.pch";
				INFOPLIST_FILE = "Priate GameTests/Priate GameTests-Info.plist";
				PRODUCT_NAME = "$(TARGET_NAME)";
				TEST_HOST = "$(BUNDLE_LOADER)";
				WRAPPER_EXTENSION = xctest;
			};
			name = Release;
		};
/* End XCBuildConfiguration section */

/* Begin XCConfigurationList section */
		B6D14E3719912CC800930924 /* Build configuration list for PBXProject "Priate Game" */ = {
			isa = XCConfigurationList;
			buildConfigurations = (
				B6D14E6C19912CC900930924 /* Debug */,
				B6D14E6D19912CC900930924 /* Release */,
			);
			defaultConfigurationIsVisible = 0;
			defaultConfigurationName = Release;
		};
		B6D14E6E19912CC900930924 /* Build configuration list for PBXNativeTarget "Priate Game" */ = {
			isa = XCConfigurationList;
			buildConfigurations = (
				B6D14E6F19912CC900930924 /* Debug */,
				B6D14E7019912CC900930924 /* Release */,
			);
			defaultConfigurationIsVisible = 0;
		};
		B6D14E7119912CC900930924 /* Build configuration list for PBXNativeTarget "Priate GameTests" */ = {
			isa = XCConfigurationList;
			buildConfigurations = (
				B6D14E7219912CC900930924 /* Debug */,
				B6D14E7319912CC900930924 /* Release */,
			);
			defaultConfigurationIsVisible = 0;
		};
/* End XCConfigurationList section */
	};
	rootObject = B6D14E3419912CC800930924 /* Project object */;
}
